# THIS IS AN AUTOGENERATED FILE. DO NOT EDIT THIS FILE DIRECTLY.
# yarn lockfile v1


bson@0.2.2:
  version "0.2.2"
  resolved "https://registry.yarnpkg.com/bson/-/bson-0.2.2.tgz#3dbf984acb9d33a6878b46e6fb7afbd611856a60"
  integrity sha1-Pb+YSsudM6aHi0bm+3r71hGFamA=

buffer-crc32@0.2.1:
  version "0.2.1"
  resolved "https://registry.yarnpkg.com/buffer-crc32/-/buffer-crc32-0.2.1.tgz#be3e5382fc02b6d6324956ac1af98aa98b08534c"
  integrity sha1-vj5TgvwCttYySVasGvmKqYsIU0w=

bytes@0.2.0:
  version "0.2.0"
  resolved "https://registry.yarnpkg.com/bytes/-/bytes-0.2.0.tgz#aad33ec14e3dc2ca74e8e7d451f9ba053ad4f7a0"
  integrity sha1-qtM+wU49wsp06OfUUfm6BTrU96A=

commander@1.2.0:
  version "1.2.0"
  resolved "https://registry.yarnpkg.com/commander/-/commander-1.2.0.tgz#fd5713bfa153c7d6cc599378a5ab4c45c535029e"
  integrity sha1-/VcTv6FTx9bMWZN4patMRcU1Ap4=
  dependencies:
    keypress "0.1.x"

connect@2.8.8:
  version "2.8.8"
  resolved "https://registry.yarnpkg.com/connect/-/connect-2.8.8.tgz#b9abf8caf0bd9773cb3dea29344119872582446d"
  integrity sha1-uav4yvC9l3PLPeopNEEZhyWCRG0=
  dependencies:
    buffer-crc32 "0.2.1"
    bytes "0.2.0"
    cookie "0.1.0"
    cookie-signature "1.0.1"
    debug "*"
    formidable "1.0.14"
    fresh "0.2.0"
    methods "0.0.1"
    pause "0.0.1"
    qs "0.6.5"
    send "0.1.4"
    uid2 "0.0.2"

cookie-signature@1.0.1:
  version "1.0.1"
  resolved "https://registry.yarnpkg.com/cookie-signature/-/cookie-signature-1.0.1.tgz#44e072148af01e6e8e24afbf12690d68ae698ecb"
  integrity sha1-ROByFIrwHm6OJK+/EmkNaK5pjss=

cookie@0.1.0:
  version "0.1.0"
  resolved "https://registry.yarnpkg.com/cookie/-/cookie-0.1.0.tgz#90eb469ddce905c866de687efc43131d8801f9d0"
  integrity sha1-kOtGndzpBchm3mh+/EMTHYgB+dA=

debug@*:
  version "4.2.0"
  resolved "https://registry.yarnpkg.com/debug/-/debug-4.2.0.tgz#7f150f93920e94c58f5574c2fd01a3110effe7f1"
  integrity sha512-IX2ncY78vDTjZMFUdmsvIRFY2Cf4FnD0wRs+nQwJU8Lu99/tPFdb0VybiiMTPe3I6rQmwsqQqRBvxU+bZ/I8sg==
  dependencies:
    ms "2.1.2"

express@~3.3.5:
  version "3.3.8"
  resolved "https://registry.yarnpkg.com/express/-/express-3.3.8.tgz#8e98ac30d81f4c95b85d71d2af6cf84f62ef19bd"
  integrity sha1-jpisMNgfTJW4XXHSr2z4T2LvGb0=
  dependencies:
    buffer-crc32 "0.2.1"
    commander "1.2.0"
    connect "2.8.8"
    cookie "0.1.0"
    cookie-signature "1.0.1"
    debug "*"
    fresh "0.2.0"
    methods "0.0.1"
    mkdirp "0.3.5"
    range-parser "0.0.4"
    send "0.1.4"

formidable@1.0.14:
  version "1.0.14"
  resolved "https://registry.yarnpkg.com/formidable/-/formidable-1.0.14.tgz#2b3f4c411cbb5fdd695c44843e2a23514a43231a"
  integrity sha1-Kz9MQRy7X91pXESEPiojUUpDIxo=

fresh@0.2.0:
  version "0.2.0"
  resolved "https://registry.yarnpkg.com/fresh/-/fresh-0.2.0.tgz#bfd9402cf3df12c4a4c310c79f99a3dde13d34a7"
  integrity sha1-v9lALPPfEsSkwxDHn5mj3eE9NKc=

hooks@0.2.1:
  version "0.2.1"
  resolved "https://registry.yarnpkg.com/hooks/-/hooks-0.2.1.tgz#0f591b1b344bdcb3df59773f62fbbaf85bf4028b"
  integrity sha1-D1kbGzRL3LPfWXc/Yvu6+Fv0Aos=

kerberos@0.0.3:
  version "0.0.3"
  resolved "https://registry.yarnpkg.com/kerberos/-/kerberos-0.0.3.tgz#4285d92a0748db2784062f5adcec9f5956cb818a"
  integrity sha1-QoXZKgdI2yeEBi9a3OyfWVbLgYo=

keypress@0.1.x:
  version "0.1.0"
  resolved "https://registry.yarnpkg.com/keypress/-/keypress-0.1.0.tgz#4a3188d4291b66b4f65edb99f806aa9ae293592a"
  integrity sha1-SjGI1CkbZrT2XtuZ+AaqmuKTWSo=

methods@0.0.1:
  version "0.0.1"
  resolved "https://registry.yarnpkg.com/methods/-/methods-0.0.1.tgz#277c90f8bef39709645a8371c51c3b6c648e068c"
  integrity sha1-J3yQ+L7zlwlkWoNxxRw7bGSOBow=

mime@~1.2.9:
  version "1.2.11"
  resolved "https://registry.yarnpkg.com/mime/-/mime-1.2.11.tgz#58203eed86e3a5ef17aed2b7d9ebd47f0a60dd10"
  integrity sha1-WCA+7Ybjpe8XrtK32evUfwpg3RA=

mkdirp@0.3.5:
  version "0.3.5"
  resolved "https://registry.yarnpkg.com/mkdirp/-/mkdirp-0.3.5.tgz#de3e5f8961c88c787ee1368df849ac4413eca8d7"
  integrity sha1-3j5fiWHIjHh+4TaN+EmsRBPsqNc=

mongodb@1.3.19:
  version "1.3.19"
  resolved "https://registry.yarnpkg.com/mongodb/-/mongodb-1.3.19.tgz#f229db24098f019d86d135aaf8a1ab5f2658b1d4"
  integrity sha1-8inbJAmPAZ2G0TWq+KGrXyZYsdQ=
  dependencies:
    bson "0.2.2"
  optionalDependencies:
    kerberos "0.0.3"

mongoose@~3.6.17:
  version "3.6.20"
  resolved "https://registry.yarnpkg.com/mongoose/-/mongoose-3.6.20.tgz#47263843e6b812ea207eec104c40a36c8d215f53"
  integrity sha1-RyY4Q+a4EuogfuwQTECjbI0hX1M=
  dependencies:
    hooks "0.2.1"
    mongodb "1.3.19"
    mpath "0.1.1"
    mpromise "0.2.1"
    ms "0.1.0"
    muri "0.3.1"
    regexp-clone "0.0.1"
    sliced "0.0.5"

mpath@0.1.1:
  version "0.1.1"
  resolved "https://registry.yarnpkg.com/mpath/-/mpath-0.1.1.tgz#23da852b7c232ee097f4759d29c0ee9cd22d5e46"
  integrity sha1-I9qFK3wjLuCX9HWdKcDunNItXkY=

mpromise@0.2.1:
  version "0.2.1"
  resolved "https://registry.yarnpkg.com/mpromise/-/mpromise-0.2.1.tgz#fbbdc28cb0207e49b8a4eb1a4c0cea6c2de794c8"
  integrity sha1-+73CjLAgfkm4pOsaTAzqbC3nlMg=
  dependencies:
    sliced "0.0.4"

ms@0.1.0:
  version "0.1.0"
  resolved "https://registry.yarnpkg.com/ms/-/ms-0.1.0.tgz#f21fac490daf1d7667fd180fe9077389cc9442b2"
  integrity sha1-8h+sSQ2vHXZn/RgP6QdzicyUQrI=

ms@2.1.2:
  version "2.1.2"
  resolved "https://registry.yarnpkg.com/ms/-/ms-2.1.2.tgz#d09d1f357b443f493382a8eb3ccd183872ae6009"
  integrity sha512-sGkPx+VjMtmA6MX27oA4FBFELFCZZ4S4XqeGOXCv68tT+jb3vk/RyaKWP0PTKyWtmLSM0b+adUTEvbs1PEaH2w==

muri@0.3.1:
  version "0.3.1"
  resolved "https://registry.yarnpkg.com/muri/-/muri-0.3.1.tgz#861889c5c857f1a43700bee85d50731f61727c9a"
  integrity sha1-hhiJxchX8aQ3AL7oXVBzH2FyfJo=

pause@0.0.1:
  version "0.0.1"
  resolved "https://registry.yarnpkg.com/pause/-/pause-0.0.1.tgz#1d408b3fdb76923b9543d96fb4c9dfd535d9cb5d"
  integrity sha1-HUCLP9t2kjuVQ9lvtMnf1TXZy10=

qs@0.6.5:
  version "0.6.5"
  resolved "https://registry.yarnpkg.com/qs/-/qs-0.6.5.tgz#294b268e4b0d4250f6dde19b3b8b34935dff14ef"
  integrity sha1-KUsmjksNQlD23eGbO4s0k13/FO8=

range-parser@0.0.4:
  version "0.0.4"
  resolved "https://registry.yarnpkg.com/range-parser/-/range-parser-0.0.4.tgz#c0427ffef51c10acba0782a46c9602e744ff620b"
  integrity sha1-wEJ//vUcEKy6B4KkbJYC50T/Ygs=

regexp-clone@0.0.1:
  version "0.0.1"
  resolved "https://registry.yarnpkg.com/regexp-clone/-/regexp-clone-0.0.1.tgz#a7c2e09891fdbf38fbb10d376fb73003e68ac589"
  integrity sha1-p8LgmJH9vzj7sQ03b7cwA+aKxYk=

send@0.1.4:
  version "0.1.4"
  resolved "https://registry.yarnpkg.com/send/-/send-0.1.4.tgz#be70d8d1be01de61821af13780b50345a4f71abd"
  integrity sha1-vnDY0b4B3mGCGvE3gLUDRaT3Gr0=
  dependencies:
    debug "*"
    fresh "0.2.0"
    mime "~1.2.9"
    range-parser "0.0.4"

sliced@0.0.4:
  version "0.0.4"
  resolved "https://registry.yarnpkg.com/sliced/-/sliced-0.0.4.tgz#34f89a6db1f31fa525f5a570f5bcf877cf0955ee"
  integrity sha1-NPiabbHzH6Ul9aVw9bz4d88JVe4=

sliced@0.0.5:
  version "0.0.5"
  resolved "https://registry.yarnpkg.com/sliced/-/sliced-0.0.5.tgz#5edc044ca4eb6f7816d50ba2fc63e25d8fe4707f"
  integrity sha1-XtwETKTrb3gW1Qui/GPiXY/kcH8=

uid2@0.0.2:
  version "0.0.2"
  resolved "https://registry.yarnpkg.com/uid2/-/uid2-0.0.2.tgz#107fb155c82c1136620797ed4c88cf2b08f6aab8"
  integrity sha1-EH+xVcgsETZiB5ftTIjPKwj2qrg=
